
Microsoft Visual Studio Solution File, Format Version 12.00
# Visual Studio 15
VisualStudioVersion = 15.0.28010.2003
MinimumVisualStudioVersion = 10.0.40219.1
Project("{FAE04EC0-301F-11D3-BF4B-00C04F79EFBC}") = "TestingWriteRead", "TestingWriteRead\TestingWriteRead.csproj", "{230E7732-DC0A-4301-A029-AA296E2153AE}"
EndProject
Global
	GlobalSection(SolutionConfigurationPlatforms) = preSolution
		Debug|Any CPU = Debug|Any CPU
		Release|Any CPU = Release|Any CPU
	EndGlobalSection
	GlobalSection(ProjectConfigurationPlatforms) = postSolution
		{230E7732-DC0A-4301-A029-AA296E2153AE}.Debug|Any CPU.ActiveCfg = Debug|Any CPU
		{230E7732-DC0A-4301-A029-AA296E2153AE}.Debug|Any CPU.Build.0 = Debug|Any CPU
		{230E7732-DC0A-4301-A029-AA296E2153AE}.Release|Any CPU.ActiveCfg = Release|Any CPU
		{230E7732-DC0A-4301-A029-AA296E2153AE}.Release|Any CPU.Build.0 = Release|Any CPU
	EndGlobalSection
	GlobalSection(SolutionProperties) = preSolution
		HideSolutionNode = FALSE
	EndGlobalSection
	GlobalSection(ExtensibilityGlobals) = postSolution
		SolutionGuid = {730B23F2-E9BF-4AB2-83C7-06B6E29D51C4}
	EndGlobalSection
EndGlobal
